
Microsoft Visual Studio Solution File, Format Version 12.00
Project("{FAE04EC0-301F-11D3-BF4B-00C04F79EFBC}") = "Credo.Core.FileStorage", "Client\Credo.Core.FileStorage\Credo.Core.FileStorage.csproj", "{8027F895-A625-4409-BD6F-72A5B50713BE}"
EndProject
Project("{FAE04EC0-301F-11D3-BF4B-00C04F79EFBC}") = "Credo.Core.Minio", "Client\Credo.Core.Minio\Credo.Core.Minio.csproj", "{225DEB46-46C2-4DC2-8483-E780BC5E5227}"
EndProject
Project("{2150E333-8FDC-42A3-9474-1A3956D46DE8}") = "Client", "Client", "{10E78C5F-84E3-4934-828A-D9CD14F3B991}"
EndProject
Project("{2150E333-8FDC-42A3-9474-1A3956D46DE8}") = "Api", "Api", "{8C2BBFEA-178E-408C-9AED-2DF96EDA714D}"
EndProject
Project("{FAE04EC0-301F-11D3-BF4B-00C04F79EFBC}") = "Credo.Core.Shared", "Api\Credo.FileStorage\src\Credo.Core.Shared\Credo.Core.Shared.csproj", "{295012E0-9E27-420D-A7F7-3690E1036FBA}"
EndProject
Project("{FAE04EC0-301F-11D3-BF4B-00C04F79EFBC}") = "Credo.FileStorage.Api", "Api\Credo.FileStorage\src\Credo.FileStorage.Api\Credo.FileStorage.Api.csproj", "{CD2E7683-33C3-4367-9924-2A2760BBEC10}"
EndProject
Project("{FAE04EC0-301F-11D3-BF4B-00C04F79EFBC}") = "Credo.FileStorage.Application", "Api\Credo.FileStorage\src\Credo.FileStorage.Application\Credo.FileStorage.Application.csproj", "{13DF6694-A83E-493B-A852-D3C7270C7F45}"
EndProject
Project("{FAE04EC0-301F-11D3-BF4B-00C04F79EFBC}") = "Credo.FileStorage.Domain", "Api\Credo.FileStorage\src\Credo.FileStorage.Domain\Credo.FileStorage.Domain.csproj", "{5033FA63-0BF0-49BD-BB43-99EB52C78262}"
EndProject
Project("{FAE04EC0-301F-11D3-BF4B-00C04F79EFBC}") = "Credo.FileStorage.Persistence", "Api\Credo.FileStorage\src\Credo.FileStorage.Persistence\Credo.FileStorage.Persistence.csproj", "{DED11155-84A3-4965-97F9-1C112A91DC5E}"
EndProject
Project("{FAE04EC0-301F-11D3-BF4B-00C04F79EFBC}") = "Credo.FileStorage.Worker", "Api\Credo.FileStorage\src\Credo.FileStorage.Worker\Credo.FileStorage.Worker.csproj", "{89EA24C8-E411-4545-AFAC-2FADAFBA8695}"
EndProject
Project("{FAE04EC0-301F-11D3-BF4B-00C04F79EFBC}") = "Credo.FileStorage.Tests.Unit", "Api\Credo.FileStorage\test\Credo.FileStorage.Tests.Unit\Credo.FileStorage.Tests.Unit.csproj", "{E3B2421C-B511-407C-B067-5FD65F6AA995}"
EndProject
Global
	GlobalSection(SolutionConfigurationPlatforms) = preSolution
		Debug|Any CPU = Debug|Any CPU
		Release|Any CPU = Release|Any CPU
	EndGlobalSection
	GlobalSection(ProjectConfigurationPlatforms) = postSolution
		{8027F895-A625-4409-BD6F-72A5B50713BE}.Debug|Any CPU.ActiveCfg = Debug|Any CPU
		{8027F895-A625-4409-BD6F-72A5B50713BE}.Debug|Any CPU.Build.0 = Debug|Any CPU
		{8027F895-A625-4409-BD6F-72A5B50713BE}.Release|Any CPU.ActiveCfg = Release|Any CPU
		{8027F895-A625-4409-BD6F-72A5B50713BE}.Release|Any CPU.Build.0 = Release|Any CPU
		{225DEB46-46C2-4DC2-8483-E780BC5E5227}.Debug|Any CPU.ActiveCfg = Debug|Any CPU
		{225DEB46-46C2-4DC2-8483-E780BC5E5227}.Debug|Any CPU.Build.0 = Debug|Any CPU
		{225DEB46-46C2-4DC2-8483-E780BC5E5227}.Release|Any CPU.ActiveCfg = Release|Any CPU
		{225DEB46-46C2-4DC2-8483-E780BC5E5227}.Release|Any CPU.Build.0 = Release|Any CPU
		{295012E0-9E27-420D-A7F7-3690E1036FBA}.Debug|Any CPU.ActiveCfg = Debug|Any CPU
		{295012E0-9E27-420D-A7F7-3690E1036FBA}.Debug|Any CPU.Build.0 = Debug|Any CPU
		{295012E0-9E27-420D-A7F7-3690E1036FBA}.Release|Any CPU.ActiveCfg = Release|Any CPU
		{295012E0-9E27-420D-A7F7-3690E1036FBA}.Release|Any CPU.Build.0 = Release|Any CPU
		{CD2E7683-33C3-4367-9924-2A2760BBEC10}.Debug|Any CPU.ActiveCfg = Debug|Any CPU
		{CD2E7683-33C3-4367-9924-2A2760BBEC10}.Debug|Any CPU.Build.0 = Debug|Any CPU
		{CD2E7683-33C3-4367-9924-2A2760BBEC10}.Release|Any CPU.ActiveCfg = Release|Any CPU
		{CD2E7683-33C3-4367-9924-2A2760BBEC10}.Release|Any CPU.Build.0 = Release|Any CPU
		{13DF6694-A83E-493B-A852-D3C7270C7F45}.Debug|Any CPU.ActiveCfg = Debug|Any CPU
		{13DF6694-A83E-493B-A852-D3C7270C7F45}.Debug|Any CPU.Build.0 = Debug|Any CPU
		{13DF6694-A83E-493B-A852-D3C7270C7F45}.Release|Any CPU.ActiveCfg = Release|Any CPU
		{13DF6694-A83E-493B-A852-D3C7270C7F45}.Release|Any CPU.Build.0 = Release|Any CPU
		{5033FA63-0BF0-49BD-BB43-99EB52C78262}.Debug|Any CPU.ActiveCfg = Debug|Any CPU
		{5033FA63-0BF0-49BD-BB43-99EB52C78262}.Debug|Any CPU.Build.0 = Debug|Any CPU
		{5033FA63-0BF0-49BD-BB43-99EB52C78262}.Release|Any CPU.ActiveCfg = Release|Any CPU
		{5033FA63-0BF0-49BD-BB43-99EB52C78262}.Release|Any CPU.Build.0 = Release|Any CPU
		{DED11155-84A3-4965-97F9-1C112A91DC5E}.Debug|Any CPU.ActiveCfg = Debug|Any CPU
		{DED11155-84A3-4965-97F9-1C112A91DC5E}.Debug|Any CPU.Build.0 = Debug|Any CPU
		{DED11155-84A3-4965-97F9-1C112A91DC5E}.Release|Any CPU.ActiveCfg = Release|Any CPU
		{DED11155-84A3-4965-97F9-1C112A91DC5E}.Release|Any CPU.Build.0 = Release|Any CPU
		{89EA24C8-E411-4545-AFAC-2FADAFBA8695}.Debug|Any CPU.ActiveCfg = Debug|Any CPU
		{89EA24C8-E411-4545-AFAC-2FADAFBA8695}.Debug|Any CPU.Build.0 = Debug|Any CPU
		{89EA24C8-E411-4545-AFAC-2FADAFBA8695}.Release|Any CPU.ActiveCfg = Release|Any CPU
		{89EA24C8-E411-4545-AFAC-2FADAFBA8695}.Release|Any CPU.Build.0 = Release|Any CPU
		{E3B2421C-B511-407C-B067-5FD65F6AA995}.Debug|Any CPU.ActiveCfg = Debug|Any CPU
		{E3B2421C-B511-407C-B067-5FD65F6AA995}.Debug|Any CPU.Build.0 = Debug|Any CPU
		{E3B2421C-B511-407C-B067-5FD65F6AA995}.Release|Any CPU.ActiveCfg = Release|Any CPU
		{E3B2421C-B511-407C-B067-5FD65F6AA995}.Release|Any CPU.Build.0 = Release|Any CPU
	EndGlobalSection
	GlobalSection(NestedProjects) = preSolution
		{8027F895-A625-4409-BD6F-72A5B50713BE} = {10E78C5F-84E3-4934-828A-D9CD14F3B991}
		{225DEB46-46C2-4DC2-8483-E780BC5E5227} = {10E78C5F-84E3-4934-828A-D9CD14F3B991}
		{295012E0-9E27-420D-A7F7-3690E1036FBA} = {8C2BBFEA-178E-408C-9AED-2DF96EDA714D}
		{CD2E7683-33C3-4367-9924-2A2760BBEC10} = {8C2BBFEA-178E-408C-9AED-2DF96EDA714D}
		{13DF6694-A83E-493B-A852-D3C7270C7F45} = {8C2BBFEA-178E-408C-9AED-2DF96EDA714D}
		{5033FA63-0BF0-49BD-BB43-99EB52C78262} = {8C2BBFEA-178E-408C-9AED-2DF96EDA714D}
		{DED11155-84A3-4965-97F9-1C112A91DC5E} = {8C2BBFEA-178E-408C-9AED-2DF96EDA714D}
		{89EA24C8-E411-4545-AFAC-2FADAFBA8695} = {8C2BBFEA-178E-408C-9AED-2DF96EDA714D}
		{E3B2421C-B511-407C-B067-5FD65F6AA995} = {8C2BBFEA-178E-408C-9AED-2DF96EDA714D}
	EndGlobalSection
EndGlobal
