
Microsoft Visual Studio Solution File, Format Version 12.00
Project("{FAE04EC0-301F-11D3-BF4B-00C04F79EFBC}") = "Credo.Core.FileStorage", "Credo.Core.FileStorage\Credo.Core.FileStorage.csproj", "{8027F895-A625-4409-BD6F-72A5B50713BE}"
EndProject
Project("{FAE04EC0-301F-11D3-BF4B-00C04F79EFBC}") = "Credo.Core.Minio", "Credo.Core.Minio\Credo.Core.Minio.csproj", "{225DEB46-46C2-4DC2-8483-E780BC5E5227}"
EndProject
Project("{FAE04EC0-301F-11D3-BF4B-00C04F79EFBC}") = "Credo.SomeClient.API", "Credo.SomeClient.API\Credo.SomeClient.API.csproj", "{B2198879-C431-4019-B0A5-F4EBEDD54139}"
EndProject
Project("{2150E333-8FDC-42A3-9474-1A3956D46DE8}") = "Apis", "Apis", "{6802FF94-B2CC-4E7B-934D-29D5E753AC88}"
EndProject
Project("{FAE04EC0-301F-11D3-BF4B-00C04F79EFBC}") = "Credo.Core.Shared", "Apis\Credo.FileStorage\src\Credo.Core.Shared\Credo.Core.Shared.csproj", "{E254E745-33EE-4F2F-898D-874CD77884B6}"
EndProject
Project("{FAE04EC0-301F-11D3-BF4B-00C04F79EFBC}") = "Credo.FileStorage.Api", "Apis\Credo.FileStorage\src\Credo.FileStorage.Api\Credo.FileStorage.Api.csproj", "{CA2635B5-192A-41E6-A999-00919CC20024}"
EndProject
Project("{FAE04EC0-301F-11D3-BF4B-00C04F79EFBC}") = "Credo.FileStorage.Application", "Apis\Credo.FileStorage\src\Credo.FileStorage.Application\Credo.FileStorage.Application.csproj", "{3EBFA039-3E2E-44AD-8379-783D8F6E6A38}"
EndProject
Project("{FAE04EC0-301F-11D3-BF4B-00C04F79EFBC}") = "Credo.FileStorage.Domain", "Apis\Credo.FileStorage\src\Credo.FileStorage.Domain\Credo.FileStorage.Domain.csproj", "{488FBA4A-853D-4E71-8567-EA00C4486420}"
EndProject
Project("{FAE04EC0-301F-11D3-BF4B-00C04F79EFBC}") = "Credo.FileStorage.Persistence", "Apis\Credo.FileStorage\src\Credo.FileStorage.Persistence\Credo.FileStorage.Persistence.csproj", "{9047EFC9-1B5B-4BCF-97CF-95CADFA93251}"
EndProject
Project("{FAE04EC0-301F-11D3-BF4B-00C04F79EFBC}") = "Credo.FileStorage.Worker", "Apis\Credo.FileStorage\src\Credo.FileStorage.Worker\Credo.FileStorage.Worker.csproj", "{7457332D-5550-4931-9F18-17532B927E2E}"
EndProject
Project("{FAE04EC0-301F-11D3-BF4B-00C04F79EFBC}") = "Credo.FileStorage.Tests.Unit", "Apis\Credo.FileStorage\test\Credo.FileStorage.Tests.Unit\Credo.FileStorage.Tests.Unit.csproj", "{AC15B255-0346-458F-9755-359FFE641415}"
EndProject
Global
	GlobalSection(SolutionConfigurationPlatforms) = preSolution
		Debug|Any CPU = Debug|Any CPU
		Release|Any CPU = Release|Any CPU
	EndGlobalSection
	GlobalSection(ProjectConfigurationPlatforms) = postSolution
		{8027F895-A625-4409-BD6F-72A5B50713BE}.Debug|Any CPU.ActiveCfg = Debug|Any CPU
		{8027F895-A625-4409-BD6F-72A5B50713BE}.Debug|Any CPU.Build.0 = Debug|Any CPU
		{8027F895-A625-4409-BD6F-72A5B50713BE}.Release|Any CPU.ActiveCfg = Release|Any CPU
		{8027F895-A625-4409-BD6F-72A5B50713BE}.Release|Any CPU.Build.0 = Release|Any CPU
		{225DEB46-46C2-4DC2-8483-E780BC5E5227}.Debug|Any CPU.ActiveCfg = Debug|Any CPU
		{225DEB46-46C2-4DC2-8483-E780BC5E5227}.Debug|Any CPU.Build.0 = Debug|Any CPU
		{225DEB46-46C2-4DC2-8483-E780BC5E5227}.Release|Any CPU.ActiveCfg = Release|Any CPU
		{225DEB46-46C2-4DC2-8483-E780BC5E5227}.Release|Any CPU.Build.0 = Release|Any CPU
		{B2198879-C431-4019-B0A5-F4EBEDD54139}.Debug|Any CPU.ActiveCfg = Debug|Any CPU
		{B2198879-C431-4019-B0A5-F4EBEDD54139}.Debug|Any CPU.Build.0 = Debug|Any CPU
		{B2198879-C431-4019-B0A5-F4EBEDD54139}.Release|Any CPU.ActiveCfg = Release|Any CPU
		{B2198879-C431-4019-B0A5-F4EBEDD54139}.Release|Any CPU.Build.0 = Release|Any CPU
		{E254E745-33EE-4F2F-898D-874CD77884B6}.Debug|Any CPU.ActiveCfg = Debug|Any CPU
		{E254E745-33EE-4F2F-898D-874CD77884B6}.Debug|Any CPU.Build.0 = Debug|Any CPU
		{E254E745-33EE-4F2F-898D-874CD77884B6}.Release|Any CPU.ActiveCfg = Release|Any CPU
		{E254E745-33EE-4F2F-898D-874CD77884B6}.Release|Any CPU.Build.0 = Release|Any CPU
		{CA2635B5-192A-41E6-A999-00919CC20024}.Debug|Any CPU.ActiveCfg = Debug|Any CPU
		{CA2635B5-192A-41E6-A999-00919CC20024}.Debug|Any CPU.Build.0 = Debug|Any CPU
		{CA2635B5-192A-41E6-A999-00919CC20024}.Release|Any CPU.ActiveCfg = Release|Any CPU
		{CA2635B5-192A-41E6-A999-00919CC20024}.Release|Any CPU.Build.0 = Release|Any CPU
		{3EBFA039-3E2E-44AD-8379-783D8F6E6A38}.Debug|Any CPU.ActiveCfg = Debug|Any CPU
		{3EBFA039-3E2E-44AD-8379-783D8F6E6A38}.Debug|Any CPU.Build.0 = Debug|Any CPU
		{3EBFA039-3E2E-44AD-8379-783D8F6E6A38}.Release|Any CPU.ActiveCfg = Release|Any CPU
		{3EBFA039-3E2E-44AD-8379-783D8F6E6A38}.Release|Any CPU.Build.0 = Release|Any CPU
		{488FBA4A-853D-4E71-8567-EA00C4486420}.Debug|Any CPU.ActiveCfg = Debug|Any CPU
		{488FBA4A-853D-4E71-8567-EA00C4486420}.Debug|Any CPU.Build.0 = Debug|Any CPU
		{488FBA4A-853D-4E71-8567-EA00C4486420}.Release|Any CPU.ActiveCfg = Release|Any CPU
		{488FBA4A-853D-4E71-8567-EA00C4486420}.Release|Any CPU.Build.0 = Release|Any CPU
		{9047EFC9-1B5B-4BCF-97CF-95CADFA93251}.Debug|Any CPU.ActiveCfg = Debug|Any CPU
		{9047EFC9-1B5B-4BCF-97CF-95CADFA93251}.Debug|Any CPU.Build.0 = Debug|Any CPU
		{9047EFC9-1B5B-4BCF-97CF-95CADFA93251}.Release|Any CPU.ActiveCfg = Release|Any CPU
		{9047EFC9-1B5B-4BCF-97CF-95CADFA93251}.Release|Any CPU.Build.0 = Release|Any CPU
		{7457332D-5550-4931-9F18-17532B927E2E}.Debug|Any CPU.ActiveCfg = Debug|Any CPU
		{7457332D-5550-4931-9F18-17532B927E2E}.Debug|Any CPU.Build.0 = Debug|Any CPU
		{7457332D-5550-4931-9F18-17532B927E2E}.Release|Any CPU.ActiveCfg = Release|Any CPU
		{7457332D-5550-4931-9F18-17532B927E2E}.Release|Any CPU.Build.0 = Release|Any CPU
		{AC15B255-0346-458F-9755-359FFE641415}.Debug|Any CPU.ActiveCfg = Debug|Any CPU
		{AC15B255-0346-458F-9755-359FFE641415}.Debug|Any CPU.Build.0 = Debug|Any CPU
		{AC15B255-0346-458F-9755-359FFE641415}.Release|Any CPU.ActiveCfg = Release|Any CPU
		{AC15B255-0346-458F-9755-359FFE641415}.Release|Any CPU.Build.0 = Release|Any CPU
	EndGlobalSection
	GlobalSection(NestedProjects) = preSolution
		{B2198879-C431-4019-B0A5-F4EBEDD54139} = {6802FF94-B2CC-4E7B-934D-29D5E753AC88}
		{E254E745-33EE-4F2F-898D-874CD77884B6} = {6802FF94-B2CC-4E7B-934D-29D5E753AC88}
		{CA2635B5-192A-41E6-A999-00919CC20024} = {6802FF94-B2CC-4E7B-934D-29D5E753AC88}
		{3EBFA039-3E2E-44AD-8379-783D8F6E6A38} = {6802FF94-B2CC-4E7B-934D-29D5E753AC88}
		{488FBA4A-853D-4E71-8567-EA00C4486420} = {6802FF94-B2CC-4E7B-934D-29D5E753AC88}
		{9047EFC9-1B5B-4BCF-97CF-95CADFA93251} = {6802FF94-B2CC-4E7B-934D-29D5E753AC88}
		{7457332D-5550-4931-9F18-17532B927E2E} = {6802FF94-B2CC-4E7B-934D-29D5E753AC88}
		{AC15B255-0346-458F-9755-359FFE641415} = {6802FF94-B2CC-4E7B-934D-29D5E753AC88}
	EndGlobalSection
EndGlobal
